
Microsoft Visual Studio Solution File, Format Version 12.00
# Visual Studio Version 16
VisualStudioVersion = 16.0.30114.105
MinimumVisualStudioVersion = 10.0.40219.1
Project("{FAE04EC0-301F-11D3-BF4B-00C04F79EFBC}") = "WebAPI", "WebAPI.csproj", "{B57E157E-3634-4569-810E-8646E2688DBD}"
EndProject
Global
	GlobalSection(SolutionConfigurationPlatforms) = preSolution
		Debug|Any CPU = Debug|Any CPU
		Release|Any CPU = Release|Any CPU
	EndGlobalSection
	GlobalSection(ProjectConfigurationPlatforms) = postSolution
		{B57E157E-3634-4569-810E-8646E2688DBD}.Debug|Any CPU.ActiveCfg = Debug|Any CPU
		{B57E157E-3634-4569-810E-8646E2688DBD}.Debug|Any CPU.Build.0 = Debug|Any CPU
		{B57E157E-3634-4569-810E-8646E2688DBD}.Release|Any CPU.ActiveCfg = Release|Any CPU
		{B57E157E-3634-4569-810E-8646E2688DBD}.Release|Any CPU.Build.0 = Release|Any CPU
	EndGlobalSection
	GlobalSection(SolutionProperties) = preSolution
		HideSolutionNode = FALSE
	EndGlobalSection
	GlobalSection(ExtensibilityGlobals) = postSolution
		SolutionGuid = {4E28FA6A-E6BC-4431-B637-B897773F8EDD}
	EndGlobalSection
EndGlobal
